
Microsoft Visual Studio Solution File, Format Version 12.00
# Visual Studio Version 17
VisualStudioVersion = 17.0.31903.59
MinimumVisualStudioVersion = 10.0.40219.1
Project("{2150E333-8FDC-42A3-9474-1A3956D46DE8}") = "src", "src", "{827E0CD3-B72D-47B6-A68D-7590B98EB39B}"
EndProject
Project("{FAE04EC0-301F-11D3-BF4B-00C04F79EFBC}") = "RagExperiment.Core", "src\RagExperiment.Core\RagExperiment.Core.csproj", "{DE058B5D-2400-4622-A8AA-424DAE1FE2A7}"
EndProject
Project("{FAE04EC0-301F-11D3-BF4B-00C04F79EFBC}") = "RagExperiment.Documents", "src\RagExperiment.Documents\RagExperiment.Documents.csproj", "{30E0016A-C966-4366-9C09-877E9DFB4005}"
EndProject
Project("{FAE04EC0-301F-11D3-BF4B-00C04F79EFBC}") = "RagExperiment.Indexing", "src\RagExperiment.Indexing\RagExperiment.Indexing.csproj", "{3C712407-8291-423D-8A8B-81CDB6BE1FE0}"
EndProject
Project("{FAE04EC0-301F-11D3-BF4B-00C04F79EFBC}") = "RagExperiment.Retrieval", "src\RagExperiment.Retrieval\RagExperiment.Retrieval.csproj", "{894FF11D-CBB0-4877-9560-C883A6BD4150}"
EndProject
Project("{FAE04EC0-301F-11D3-BF4B-00C04F79EFBC}") = "RagExperiment.Concepts", "src\RagExperiment.Concepts\RagExperiment.Concepts.csproj", "{221A1D48-CC94-4A13-A141-CCA3CED2A2DF}"
EndProject
Project("{FAE04EC0-301F-11D3-BF4B-00C04F79EFBC}") = "RagExperiment.Generation", "src\RagExperiment.Generation\RagExperiment.Generation.csproj", "{B142123B-0835-4B8E-9036-EDC79C104433}"
EndProject
Project("{FAE04EC0-301F-11D3-BF4B-00C04F79EFBC}") = "RagExperiment.Evaluation", "src\RagExperiment.Evaluation\RagExperiment.Evaluation.csproj", "{ED1027A0-4182-4998-9ECF-0F8523455211}"
EndProject
Project("{2150E333-8FDC-42A3-9474-1A3956D46DE8}") = "apps", "apps", "{1787FE1D-075E-9E68-7218-25F1BD1BBEAB}"
EndProject
Project("{FAE04EC0-301F-11D3-BF4B-00C04F79EFBC}") = "RagExperiment.Cli", "apps\RagExperiment.Cli\RagExperiment.Cli.csproj", "{8900FF4A-336A-462F-948F-1D229C8C9376}"
EndProject
Project("{FAE04EC0-301F-11D3-BF4B-00C04F79EFBC}") = "RagExperiment.Ingestion", "apps\RagExperiment.Ingestion\RagExperiment.Ingestion.csproj", "{902E0395-E804-4F3E-8E69-16DCE7DDB1E6}"
EndProject
Project("{2150E333-8FDC-42A3-9474-1A3956D46DE8}") = "tests", "tests", "{0AB3BF05-4346-4AA6-1389-037BE0695223}"
EndProject
Project("{FAE04EC0-301F-11D3-BF4B-00C04F79EFBC}") = "RagExperiment.Tests", "tests\RagExperiment.Tests\RagExperiment.Tests.csproj", "{49449664-064C-4BDE-ABCB-332C0A5AEC25}"
EndProject
Project("{FAE04EC0-301F-11D3-BF4B-00C04F79EFBC}") = "RagExperiment.IntegrationTests", "tests\RagExperiment.IntegrationTests\RagExperiment.IntegrationTests.csproj", "{13A04EE4-7810-4B4E-812A-541921A08F3F}"
EndProject
Global
	GlobalSection(SolutionConfigurationPlatforms) = preSolution
		Debug|Any CPU = Debug|Any CPU
		Debug|x64 = Debug|x64
		Debug|x86 = Debug|x86
		Release|Any CPU = Release|Any CPU
		Release|x64 = Release|x64
		Release|x86 = Release|x86
	EndGlobalSection
	GlobalSection(ProjectConfigurationPlatforms) = postSolution
		{DE058B5D-2400-4622-A8AA-424DAE1FE2A7}.Debug|Any CPU.ActiveCfg = Debug|Any CPU
		{DE058B5D-2400-4622-A8AA-424DAE1FE2A7}.Debug|Any CPU.Build.0 = Debug|Any CPU
		{DE058B5D-2400-4622-A8AA-424DAE1FE2A7}.Debug|x64.ActiveCfg = Debug|Any CPU
		{DE058B5D-2400-4622-A8AA-424DAE1FE2A7}.Debug|x64.Build.0 = Debug|Any CPU
		{DE058B5D-2400-4622-A8AA-424DAE1FE2A7}.Debug|x86.ActiveCfg = Debug|Any CPU
		{DE058B5D-2400-4622-A8AA-424DAE1FE2A7}.Debug|x86.Build.0 = Debug|Any CPU
		{DE058B5D-2400-4622-A8AA-424DAE1FE2A7}.Release|Any CPU.ActiveCfg = Release|Any CPU
		{DE058B5D-2400-4622-A8AA-424DAE1FE2A7}.Release|Any CPU.Build.0 = Release|Any CPU
		{DE058B5D-2400-4622-A8AA-424DAE1FE2A7}.Release|x64.ActiveCfg = Release|Any CPU
		{DE058B5D-2400-4622-A8AA-424DAE1FE2A7}.Release|x64.Build.0 = Release|Any CPU
		{DE058B5D-2400-4622-A8AA-424DAE1FE2A7}.Release|x86.ActiveCfg = Release|Any CPU
		{DE058B5D-2400-4622-A8AA-424DAE1FE2A7}.Release|x86.Build.0 = Release|Any CPU
		{30E0016A-C966-4366-9C09-877E9DFB4005}.Debug|Any CPU.ActiveCfg = Debug|Any CPU
		{30E0016A-C966-4366-9C09-877E9DFB4005}.Debug|Any CPU.Build.0 = Debug|Any CPU
		{30E0016A-C966-4366-9C09-877E9DFB4005}.Debug|x64.ActiveCfg = Debug|Any CPU
		{30E0016A-C966-4366-9C09-877E9DFB4005}.Debug|x64.Build.0 = Debug|Any CPU
		{30E0016A-C966-4366-9C09-877E9DFB4005}.Debug|x86.ActiveCfg = Debug|Any CPU
		{30E0016A-C966-4366-9C09-877E9DFB4005}.Debug|x86.Build.0 = Debug|Any CPU
		{30E0016A-C966-4366-9C09-877E9DFB4005}.Release|Any CPU.ActiveCfg = Release|Any CPU
		{30E0016A-C966-4366-9C09-877E9DFB4005}.Release|Any CPU.Build.0 = Release|Any CPU
		{30E0016A-C966-4366-9C09-877E9DFB4005}.Release|x64.ActiveCfg = Release|Any CPU
		{30E0016A-C966-4366-9C09-877E9DFB4005}.Release|x64.Build.0 = Release|Any CPU
		{30E0016A-C966-4366-9C09-877E9DFB4005}.Release|x86.ActiveCfg = Release|Any CPU
		{30E0016A-C966-4366-9C09-877E9DFB4005}.Release|x86.Build.0 = Release|Any CPU
		{3C712407-8291-423D-8A8B-81CDB6BE1FE0}.Debug|Any CPU.ActiveCfg = Debug|Any CPU
		{3C712407-8291-423D-8A8B-81CDB6BE1FE0}.Debug|Any CPU.Build.0 = Debug|Any CPU
		{3C712407-8291-423D-8A8B-81CDB6BE1FE0}.Debug|x64.ActiveCfg = Debug|Any CPU
		{3C712407-8291-423D-8A8B-81CDB6BE1FE0}.Debug|x64.Build.0 = Debug|Any CPU
		{3C712407-8291-423D-8A8B-81CDB6BE1FE0}.Debug|x86.ActiveCfg = Debug|Any CPU
		{3C712407-8291-423D-8A8B-81CDB6BE1FE0}.Debug|x86.Build.0 = Debug|Any CPU
		{3C712407-8291-423D-8A8B-81CDB6BE1FE0}.Release|Any CPU.ActiveCfg = Release|Any CPU
		{3C712407-8291-423D-8A8B-81CDB6BE1FE0}.Release|Any CPU.Build.0 = Release|Any CPU
		{3C712407-8291-423D-8A8B-81CDB6BE1FE0}.Release|x64.ActiveCfg = Release|Any CPU
		{3C712407-8291-423D-8A8B-81CDB6BE1FE0}.Release|x64.Build.0 = Release|Any CPU
		{3C712407-8291-423D-8A8B-81CDB6BE1FE0}.Release|x86.ActiveCfg = Release|Any CPU
		{3C712407-8291-423D-8A8B-81CDB6BE1FE0}.Release|x86.Build.0 = Release|Any CPU
		{894FF11D-CBB0-4877-9560-C883A6BD4150}.Debug|Any CPU.ActiveCfg = Debug|Any CPU
		{894FF11D-CBB0-4877-9560-C883A6BD4150}.Debug|Any CPU.Build.0 = Debug|Any CPU
		{894FF11D-CBB0-4877-9560-C883A6BD4150}.Debug|x64.ActiveCfg = Debug|Any CPU
		{894FF11D-CBB0-4877-9560-C883A6BD4150}.Debug|x64.Build.0 = Debug|Any CPU
		{894FF11D-CBB0-4877-9560-C883A6BD4150}.Debug|x86.ActiveCfg = Debug|Any CPU
		{894FF11D-CBB0-4877-9560-C883A6BD4150}.Debug|x86.Build.0 = Debug|Any CPU
		{894FF11D-CBB0-4877-9560-C883A6BD4150}.Release|Any CPU.ActiveCfg = Release|Any CPU
		{894FF11D-CBB0-4877-9560-C883A6BD4150}.Release|Any CPU.Build.0 = Release|Any CPU
		{894FF11D-CBB0-4877-9560-C883A6BD4150}.Release|x64.ActiveCfg = Release|Any CPU
		{894FF11D-CBB0-4877-9560-C883A6BD4150}.Release|x64.Build.0 = Release|Any CPU
		{894FF11D-CBB0-4877-9560-C883A6BD4150}.Release|x86.ActiveCfg = Release|Any CPU
		{894FF11D-CBB0-4877-9560-C883A6BD4150}.Release|x86.Build.0 = Release|Any CPU
		{221A1D48-CC94-4A13-A141-CCA3CED2A2DF}.Debug|Any CPU.ActiveCfg = Debug|Any CPU
		{221A1D48-CC94-4A13-A141-CCA3CED2A2DF}.Debug|Any CPU.Build.0 = Debug|Any CPU
		{221A1D48-CC94-4A13-A141-CCA3CED2A2DF}.Debug|x64.ActiveCfg = Debug|Any CPU
		{221A1D48-CC94-4A13-A141-CCA3CED2A2DF}.Debug|x64.Build.0 = Debug|Any CPU
		{221A1D48-CC94-4A13-A141-CCA3CED2A2DF}.Debug|x86.ActiveCfg = Debug|Any CPU
		{221A1D48-CC94-4A13-A141-CCA3CED2A2DF}.Debug|x86.Build.0 = Debug|Any CPU
		{221A1D48-CC94-4A13-A141-CCA3CED2A2DF}.Release|Any CPU.ActiveCfg = Release|Any CPU
		{221A1D48-CC94-4A13-A141-CCA3CED2A2DF}.Release|Any CPU.Build.0 = Release|Any CPU
		{221A1D48-CC94-4A13-A141-CCA3CED2A2DF}.Release|x64.ActiveCfg = Release|Any CPU
		{221A1D48-CC94-4A13-A141-CCA3CED2A2DF}.Release|x64.Build.0 = Release|Any CPU
		{221A1D48-CC94-4A13-A141-CCA3CED2A2DF}.Release|x86.ActiveCfg = Release|Any CPU
		{221A1D48-CC94-4A13-A141-CCA3CED2A2DF}.Release|x86.Build.0 = Release|Any CPU
		{B142123B-0835-4B8E-9036-EDC79C104433}.Debug|Any CPU.ActiveCfg = Debug|Any CPU
		{B142123B-0835-4B8E-9036-EDC79C104433}.Debug|Any CPU.Build.0 = Debug|Any CPU
		{B142123B-0835-4B8E-9036-EDC79C104433}.Debug|x64.ActiveCfg = Debug|Any CPU
		{B142123B-0835-4B8E-9036-EDC79C104433}.Debug|x64.Build.0 = Debug|Any CPU
		{B142123B-0835-4B8E-9036-EDC79C104433}.Debug|x86.ActiveCfg = Debug|Any CPU
		{B142123B-0835-4B8E-9036-EDC79C104433}.Debug|x86.Build.0 = Debug|Any CPU
		{B142123B-0835-4B8E-9036-EDC79C104433}.Release|Any CPU.ActiveCfg = Release|Any CPU
		{B142123B-0835-4B8E-9036-EDC79C104433}.Release|Any CPU.Build.0 = Release|Any CPU
		{B142123B-0835-4B8E-9036-EDC79C104433}.Release|x64.ActiveCfg = Release|Any CPU
		{B142123B-0835-4B8E-9036-EDC79C104433}.Release|x64.Build.0 = Release|Any CPU
		{B142123B-0835-4B8E-9036-EDC79C104433}.Release|x86.ActiveCfg = Release|Any CPU
		{B142123B-0835-4B8E-9036-EDC79C104433}.Release|x86.Build.0 = Release|Any CPU
		{ED1027A0-4182-4998-9ECF-0F8523455211}.Debug|Any CPU.ActiveCfg = Debug|Any CPU
		{ED1027A0-4182-4998-9ECF-0F8523455211}.Debug|Any CPU.Build.0 = Debug|Any CPU
		{ED1027A0-4182-4998-9ECF-0F8523455211}.Debug|x64.ActiveCfg = Debug|Any CPU
		{ED1027A0-4182-4998-9ECF-0F8523455211}.Debug|x64.Build.0 = Debug|Any CPU
		{ED1027A0-4182-4998-9ECF-0F8523455211}.Debug|x86.ActiveCfg = Debug|Any CPU
		{ED1027A0-4182-4998-9ECF-0F8523455211}.Debug|x86.Build.0 = Debug|Any CPU
		{ED1027A0-4182-4998-9ECF-0F8523455211}.Release|Any CPU.ActiveCfg = Release|Any CPU
		{ED1027A0-4182-4998-9ECF-0F8523455211}.Release|Any CPU.Build.0 = Release|Any CPU
		{ED1027A0-4182-4998-9ECF-0F8523455211}.Release|x64.ActiveCfg = Release|Any CPU
		{ED1027A0-4182-4998-9ECF-0F8523455211}.Release|x64.Build.0 = Release|Any CPU
		{ED1027A0-4182-4998-9ECF-0F8523455211}.Release|x86.ActiveCfg = Release|Any CPU
		{ED1027A0-4182-4998-9ECF-0F8523455211}.Release|x86.Build.0 = Release|Any CPU
		{8900FF4A-336A-462F-948F-1D229C8C9376}.Debug|Any CPU.ActiveCfg = Debug|Any CPU
		{8900FF4A-336A-462F-948F-1D229C8C9376}.Debug|Any CPU.Build.0 = Debug|Any CPU
		{8900FF4A-336A-462F-948F-1D229C8C9376}.Debug|x64.ActiveCfg = Debug|Any CPU
		{8900FF4A-336A-462F-948F-1D229C8C9376}.Debug|x64.Build.0 = Debug|Any CPU
		{8900FF4A-336A-462F-948F-1D229C8C9376}.Debug|x86.ActiveCfg = Debug|Any CPU
		{8900FF4A-336A-462F-948F-1D229C8C9376}.Debug|x86.Build.0 = Debug|Any CPU
		{8900FF4A-336A-462F-948F-1D229C8C9376}.Release|Any CPU.ActiveCfg = Release|Any CPU
		{8900FF4A-336A-462F-948F-1D229C8C9376}.Release|Any CPU.Build.0 = Release|Any CPU
		{8900FF4A-336A-462F-948F-1D229C8C9376}.Release|x64.ActiveCfg = Release|Any CPU
		{8900FF4A-336A-462F-948F-1D229C8C9376}.Release|x64.Build.0 = Release|Any CPU
		{8900FF4A-336A-462F-948F-1D229C8C9376}.Release|x86.ActiveCfg = Release|Any CPU
		{8900FF4A-336A-462F-948F-1D229C8C9376}.Release|x86.Build.0 = Release|Any CPU
		{902E0395-E804-4F3E-8E69-16DCE7DDB1E6}.Debug|Any CPU.ActiveCfg = Debug|Any CPU
		{902E0395-E804-4F3E-8E69-16DCE7DDB1E6}.Debug|Any CPU.Build.0 = Debug|Any CPU
		{902E0395-E804-4F3E-8E69-16DCE7DDB1E6}.Debug|x64.ActiveCfg = Debug|Any CPU
		{902E0395-E804-4F3E-8E69-16DCE7DDB1E6}.Debug|x64.Build.0 = Debug|Any CPU
		{902E0395-E804-4F3E-8E69-16DCE7DDB1E6}.Debug|x86.ActiveCfg = Debug|Any CPU
		{902E0395-E804-4F3E-8E69-16DCE7DDB1E6}.Debug|x86.Build.0 = Debug|Any CPU
		{902E0395-E804-4F3E-8E69-16DCE7DDB1E6}.Release|Any CPU.ActiveCfg = Release|Any CPU
		{902E0395-E804-4F3E-8E69-16DCE7DDB1E6}.Release|Any CPU.Build.0 = Release|Any CPU
		{902E0395-E804-4F3E-8E69-16DCE7DDB1E6}.Release|x64.ActiveCfg = Release|Any CPU
		{902E0395-E804-4F3E-8E69-16DCE7DDB1E6}.Release|x64.Build.0 = Release|Any CPU
		{902E0395-E804-4F3E-8E69-16DCE7DDB1E6}.Release|x86.ActiveCfg = Release|Any CPU
		{902E0395-E804-4F3E-8E69-16DCE7DDB1E6}.Release|x86.Build.0 = Release|Any CPU
		{49449664-064C-4BDE-ABCB-332C0A5AEC25}.Debug|Any CPU.ActiveCfg = Debug|Any CPU
		{49449664-064C-4BDE-ABCB-332C0A5AEC25}.Debug|Any CPU.Build.0 = Debug|Any CPU
		{49449664-064C-4BDE-ABCB-332C0A5AEC25}.Debug|x64.ActiveCfg = Debug|Any CPU
		{49449664-064C-4BDE-ABCB-332C0A5AEC25}.Debug|x64.Build.0 = Debug|Any CPU
		{49449664-064C-4BDE-ABCB-332C0A5AEC25}.Debug|x86.ActiveCfg = Debug|Any CPU
		{49449664-064C-4BDE-ABCB-332C0A5AEC25}.Debug|x86.Build.0 = Debug|Any CPU
		{49449664-064C-4BDE-ABCB-332C0A5AEC25}.Release|Any CPU.ActiveCfg = Release|Any CPU
		{49449664-064C-4BDE-ABCB-332C0A5AEC25}.Release|Any CPU.Build.0 = Release|Any CPU
		{49449664-064C-4BDE-ABCB-332C0A5AEC25}.Release|x64.ActiveCfg = Release|Any CPU
		{49449664-064C-4BDE-ABCB-332C0A5AEC25}.Release|x64.Build.0 = Release|Any CPU
		{49449664-064C-4BDE-ABCB-332C0A5AEC25}.Release|x86.ActiveCfg = Release|Any CPU
		{49449664-064C-4BDE-ABCB-332C0A5AEC25}.Release|x86.Build.0 = Release|Any CPU
		{13A04EE4-7810-4B4E-812A-541921A08F3F}.Debug|Any CPU.ActiveCfg = Debug|Any CPU
		{13A04EE4-7810-4B4E-812A-541921A08F3F}.Debug|Any CPU.Build.0 = Debug|Any CPU
		{13A04EE4-7810-4B4E-812A-541921A08F3F}.Debug|x64.ActiveCfg = Debug|Any CPU
		{13A04EE4-7810-4B4E-812A-541921A08F3F}.Debug|x64.Build.0 = Debug|Any CPU
		{13A04EE4-7810-4B4E-812A-541921A08F3F}.Debug|x86.ActiveCfg = Debug|Any CPU
		{13A04EE4-7810-4B4E-812A-541921A08F3F}.Debug|x86.Build.0 = Debug|Any CPU
		{13A04EE4-7810-4B4E-812A-541921A08F3F}.Release|Any CPU.ActiveCfg = Release|Any CPU
		{13A04EE4-7810-4B4E-812A-541921A08F3F}.Release|Any CPU.Build.0 = Release|Any CPU
		{13A04EE4-7810-4B4E-812A-541921A08F3F}.Release|x64.ActiveCfg = Release|Any CPU
		{13A04EE4-7810-4B4E-812A-541921A08F3F}.Release|x64.Build.0 = Release|Any CPU
		{13A04EE4-7810-4B4E-812A-541921A08F3F}.Release|x86.ActiveCfg = Release|Any CPU
		{13A04EE4-7810-4B4E-812A-541921A08F3F}.Release|x86.Build.0 = Release|Any CPU
	EndGlobalSection
	GlobalSection(SolutionProperties) = preSolution
		HideSolutionNode = FALSE
	EndGlobalSection
	GlobalSection(NestedProjects) = preSolution
		{DE058B5D-2400-4622-A8AA-424DAE1FE2A7} = {827E0CD3-B72D-47B6-A68D-7590B98EB39B}
		{30E0016A-C966-4366-9C09-877E9DFB4005} = {827E0CD3-B72D-47B6-A68D-7590B98EB39B}
		{3C712407-8291-423D-8A8B-81CDB6BE1FE0} = {827E0CD3-B72D-47B6-A68D-7590B98EB39B}
		{894FF11D-CBB0-4877-9560-C883A6BD4150} = {827E0CD3-B72D-47B6-A68D-7590B98EB39B}
		{221A1D48-CC94-4A13-A141-CCA3CED2A2DF} = {827E0CD3-B72D-47B6-A68D-7590B98EB39B}
		{B142123B-0835-4B8E-9036-EDC79C104433} = {827E0CD3-B72D-47B6-A68D-7590B98EB39B}
		{ED1027A0-4182-4998-9ECF-0F8523455211} = {827E0CD3-B72D-47B6-A68D-7590B98EB39B}
		{8900FF4A-336A-462F-948F-1D229C8C9376} = {1787FE1D-075E-9E68-7218-25F1BD1BBEAB}
		{902E0395-E804-4F3E-8E69-16DCE7DDB1E6} = {1787FE1D-075E-9E68-7218-25F1BD1BBEAB}
		{49449664-064C-4BDE-ABCB-332C0A5AEC25} = {0AB3BF05-4346-4AA6-1389-037BE0695223}
		{13A04EE4-7810-4B4E-812A-541921A08F3F} = {0AB3BF05-4346-4AA6-1389-037BE0695223}
	EndGlobalSection
EndGlobal
